
Microsoft Visual Studio Solution File, Format Version 12.00
# Visual Studio Version 17
VisualStudioVersion = 17.10.34607.79
MinimumVisualStudioVersion = 10.0.40219.1
Project("{9A19103F-16F7-4668-BE54-9A1E7A4F7556}") = "EventHubs.AppHost", "EventHubs.AppHost\EventHubs.AppHost.csproj", "{C14BC885-F978-4021-88C0-EF26951411EC}"
EndProject
Project("{9A19103F-16F7-4668-BE54-9A1E7A4F7556}") = "EventHubsConsumer", "EventHubsConsumer\EventHubsConsumer.csproj", "{D108F69A-760C-4CC2-A2D2-EA10D4C51F0A}"
EndProject
Project("{9A19103F-16F7-4668-BE54-9A1E7A4F7556}") = "EventHubsApi", "EventHubsApi\EventHubsApi.csproj", "{D235B7B9-35A3-4C06-AAAF-3893A94A2C3C}"
EndProject
Project("{2150E333-8FDC-42A3-9474-1A3956D46DE8}") = "Solution Items", "Solution Items", "{D9A6990D-EE14-4AA8-9760-2058421C4564}"
	ProjectSection(SolutionItems) = preProject
		README.md = README.md
	EndProjectSection
EndProject
Project("{FAE04EC0-301F-11D3-BF4B-00C04F79EFBC}") = "EventHubs.ServiceDefaults", "EventHubs.ServiceDefaults\EventHubs.ServiceDefaults.csproj", "{B4C47892-7B48-491E-8678-56ABD691E457}"
EndProject
Global
	GlobalSection(SolutionConfigurationPlatforms) = preSolution
		Debug|Any CPU = Debug|Any CPU
		Release|Any CPU = Release|Any CPU
	EndGlobalSection
	GlobalSection(ProjectConfigurationPlatforms) = postSolution
		{C14BC885-F978-4021-88C0-EF26951411EC}.Debug|Any CPU.ActiveCfg = Debug|Any CPU
		{C14BC885-F978-4021-88C0-EF26951411EC}.Debug|Any CPU.Build.0 = Debug|Any CPU
		{C14BC885-F978-4021-88C0-EF26951411EC}.Release|Any CPU.ActiveCfg = Release|Any CPU
		{C14BC885-F978-4021-88C0-EF26951411EC}.Release|Any CPU.Build.0 = Release|Any CPU
		{D108F69A-760C-4CC2-A2D2-EA10D4C51F0A}.Debug|Any CPU.ActiveCfg = Debug|Any CPU
		{D108F69A-760C-4CC2-A2D2-EA10D4C51F0A}.Debug|Any CPU.Build.0 = Debug|Any CPU
		{D108F69A-760C-4CC2-A2D2-EA10D4C51F0A}.Release|Any CPU.ActiveCfg = Release|Any CPU
		{D108F69A-760C-4CC2-A2D2-EA10D4C51F0A}.Release|Any CPU.Build.0 = Release|Any CPU
		{D235B7B9-35A3-4C06-AAAF-3893A94A2C3C}.Debug|Any CPU.ActiveCfg = Debug|Any CPU
		{D235B7B9-35A3-4C06-AAAF-3893A94A2C3C}.Debug|Any CPU.Build.0 = Debug|Any CPU
		{D235B7B9-35A3-4C06-AAAF-3893A94A2C3C}.Release|Any CPU.ActiveCfg = Release|Any CPU
		{D235B7B9-35A3-4C06-AAAF-3893A94A2C3C}.Release|Any CPU.Build.0 = Release|Any CPU
		{B4C47892-7B48-491E-8678-56ABD691E457}.Debug|Any CPU.ActiveCfg = Debug|Any CPU
		{B4C47892-7B48-491E-8678-56ABD691E457}.Debug|Any CPU.Build.0 = Debug|Any CPU
		{B4C47892-7B48-491E-8678-56ABD691E457}.Release|Any CPU.ActiveCfg = Release|Any CPU
		{B4C47892-7B48-491E-8678-56ABD691E457}.Release|Any CPU.Build.0 = Release|Any CPU
	EndGlobalSection
	GlobalSection(SolutionProperties) = preSolution
		HideSolutionNode = FALSE
	EndGlobalSection
	GlobalSection(ExtensibilityGlobals) = postSolution
		SolutionGuid = {1E278B0D-67ED-4AC1-B067-80EAAE7B2681}
	EndGlobalSection
EndGlobal
